
Microsoft Visual Studio Solution File, Format Version 12.00
# Visual Studio 14
VisualStudioVersion = 14.0.24720.0
MinimumVisualStudioVersion = 10.0.40219.1
Project("{FAE04EC0-301F-11D3-BF4B-00C04F79EFBC}") = "ConsoleApplicationstrings3", "ConsoleApplicationstrings3\ConsoleApplicationstrings3.csproj", "{AC36A818-8DC5-4897-AC38-16964FE8DEF0}"
EndProject
Global
	GlobalSection(SolutionConfigurationPlatforms) = preSolution
		Debug|Any CPU = Debug|Any CPU
		Release|Any CPU = Release|Any CPU
	EndGlobalSection
	GlobalSection(ProjectConfigurationPlatforms) = postSolution
		{AC36A818-8DC5-4897-AC38-16964FE8DEF0}.Debug|Any CPU.ActiveCfg = Debug|Any CPU
		{AC36A818-8DC5-4897-AC38-16964FE8DEF0}.Debug|Any CPU.Build.0 = Debug|Any CPU
		{AC36A818-8DC5-4897-AC38-16964FE8DEF0}.Release|Any CPU.ActiveCfg = Release|Any CPU
		{AC36A818-8DC5-4897-AC38-16964FE8DEF0}.Release|Any CPU.Build.0 = Release|Any CPU
	EndGlobalSection
	GlobalSection(SolutionProperties) = preSolution
		HideSolutionNode = FALSE
	EndGlobalSection
EndGlobal
