
Microsoft Visual Studio Solution File, Format Version 12.00
# Visual Studio 14
VisualStudioVersion = 14.0.24720.0
MinimumVisualStudioVersion = 10.0.40219.1
Project("{FAE04EC0-301F-11D3-BF4B-00C04F79EFBC}") = "Meeting Minutes", "Meeting Minutes\Meeting Minutes.csproj", "{954B28BA-3D6A-4A65-845F-99D6F154EB38}"
EndProject
Global
	GlobalSection(SolutionConfigurationPlatforms) = preSolution
		Debug|Any CPU = Debug|Any CPU
		Release|Any CPU = Release|Any CPU
	EndGlobalSection
	GlobalSection(ProjectConfigurationPlatforms) = postSolution
		{954B28BA-3D6A-4A65-845F-99D6F154EB38}.Debug|Any CPU.ActiveCfg = Debug|Any CPU
		{954B28BA-3D6A-4A65-845F-99D6F154EB38}.Debug|Any CPU.Build.0 = Debug|Any CPU
		{954B28BA-3D6A-4A65-845F-99D6F154EB38}.Release|Any CPU.ActiveCfg = Release|Any CPU
		{954B28BA-3D6A-4A65-845F-99D6F154EB38}.Release|Any CPU.Build.0 = Release|Any CPU
	EndGlobalSection
	GlobalSection(SolutionProperties) = preSolution
		HideSolutionNode = FALSE
	EndGlobalSection
EndGlobal
